// !$*UTF8*$!
{
	archiveVersion = 1;
	classes = {
	};
	objectVersion = 50;
	objects = {

/* Begin PBXBuildFile section */
		7576DE26254DD71800D38110 /* AppDelegate.swift in Sources */ = {isa = PBXBuildFile; fileRef = 7576DE25254DD71800D38110 /* AppDelegate.swift */; };
		7576DE28254DD71800D38110 /* SceneDelegate.swift in Sources */ = {isa = PBXBuildFile; fileRef = 7576DE27254DD71800D38110 /* SceneDelegate.swift */; };
		7576DE2A254DD71800D38110 /* ContentView.swift in Sources */ = {isa = PBXBuildFile; fileRef = 7576DE29254DD71800D38110 /* ContentView.swift */; };
		7576DE2D254DD71800D38110 /* infinito.xcdatamodeld in Sources */ = {isa = PBXBuildFile; fileRef = 7576DE2B254DD71800D38110 /* infinito.xcdatamodeld */; };
		7576DE2F254DD71A00D38110 /* Assets.xcassets in Resources */ = {isa = PBXBuildFile; fileRef = 7576DE2E254DD71A00D38110 /* Assets.xcassets */; };
		7576DE32254DD71A00D38110 /* Preview Assets.xcassets in Resources */ = {isa = PBXBuildFile; fileRef = 7576DE31254DD71A00D38110 /* Preview Assets.xcassets */; };
		7576DE35254DD71A00D38110 /* LaunchScreen.storyboard in Resources */ = {isa = PBXBuildFile; fileRef = 7576DE33254DD71A00D38110 /* LaunchScreen.storyboard */; };
		7576DE46254DE0F100D38110 /* CircleView.swift in Sources */ = {isa = PBXBuildFile; fileRef = 7576DE45254DE0F100D38110 /* CircleView.swift */; };
		7576DE4A254DE19400D38110 /* EditView.swift in Sources */ = {isa = PBXBuildFile; fileRef = 7576DE49254DE19400D38110 /* EditView.swift */; };
/* End PBXBuildFile section */

/* Begin PBXFileReference section */
		7576DE22254DD71800D38110 /* infinito.app */ = {isa = PBXFileReference; explicitFileType = wrapper.application; includeInIndex = 0; path = infinito.app; sourceTree = BUILT_PRODUCTS_DIR; };
		7576DE25254DD71800D38110 /* AppDelegate.swift */ = {isa = PBXFileReference; lastKnownFileType = sourcecode.swift; path = AppDelegate.swift; sourceTree = "<group>"; };
		7576DE27254DD71800D38110 /* SceneDelegate.swift */ = {isa = PBXFileReference; lastKnownFileType = sourcecode.swift; path = SceneDelegate.swift; sourceTree = "<group>"; };
		7576DE29254DD71800D38110 /* ContentView.swift */ = {isa = PBXFileReference; lastKnownFileType = sourcecode.swift; path = ContentView.swift; sourceTree = "<group>"; };
		7576DE2C254DD71800D38110 /* infinito.xcdatamodel */ = {isa = PBXFileReference; lastKnownFileType = wrapper.xcdatamodel; path = infinito.xcdatamodel; sourceTree = "<group>"; };
		7576DE2E254DD71A00D38110 /* Assets.xcassets */ = {isa = PBXFileReference; lastKnownFileType = folder.assetcatalog; path = Assets.xcassets; sourceTree = "<group>"; };
		7576DE31254DD71A00D38110 /* Preview Assets.xcassets */ = {isa = PBXFileReference; lastKnownFileType = folder.assetcatalog; path = "Preview Assets.xcassets"; sourceTree = "<group>"; };
		7576DE34254DD71A00D38110 /* Base */ = {isa = PBXFileReference; lastKnownFileType = file.storyboard; name = Base; path = Base.lproj/LaunchScreen.storyboard; sourceTree = "<group>"; };
		7576DE36254DD71A00D38110 /* Info.plist */ = {isa = PBXFileReference; lastKnownFileType = text.plist.xml; path = Info.plist; sourceTree = "<group>"; };
		7576DE45254DE0F100D38110 /* CircleView.swift */ = {isa = PBXFileReference; lastKnownFileType = sourcecode.swift; path = CircleView.swift; sourceTree = "<group>"; };
		7576DE49254DE19400D38110 /* EditView.swift */ = {isa = PBXFileReference; lastKnownFileType = sourcecode.swift; path = EditView.swift; sourceTree = "<group>"; };
/* End PBXFileReference section */

/* Begin PBXFrameworksBuildPhase section */
		7576DE1F254DD71800D38110 /* Frameworks */ = {
			isa = PBXFrameworksBuildPhase;
			buildActionMask = 2147483647;
			files = (
			);
			runOnlyForDeploymentPostprocessing = 0;
		};
/* End PBXFrameworksBuildPhase section */

/* Begin PBXGroup section */
		7576DE19254DD71800D38110 = {
			isa = PBXGroup;
			children = (
				7576DE24254DD71800D38110 /* infinito */,
				7576DE23254DD71800D38110 /* Products */,
			);
			sourceTree = "<group>";
		};
		7576DE23254DD71800D38110 /* Products */ = {
			isa = PBXGroup;
			children = (
				7576DE22254DD71800D38110 /* infinito.app */,
			);
			name = Products;
			sourceTree = "<group>";
		};
		7576DE24254DD71800D38110 /* infinito */ = {
			isa = PBXGroup;
			children = (
				7576DE3D254DD72700D38110 /* Life Cycle */,
				7576DE3E254DD75500D38110 /* Views */,
				7576DE44254DE0DD00D38110 /* Support Views */,
				7576DE2E254DD71A00D38110 /* Assets.xcassets */,
				7576DE33254DD71A00D38110 /* LaunchScreen.storyboard */,
				7576DE36254DD71A00D38110 /* Info.plist */,
				7576DE2B254DD71800D38110 /* infinito.xcdatamodeld */,
				7576DE30254DD71A00D38110 /* Preview Content */,
			);
			path = infinito;
			sourceTree = "<group>";
		};
		7576DE30254DD71A00D38110 /* Preview Content */ = {
			isa = PBXGroup;
			children = (
				7576DE31254DD71A00D38110 /* Preview Assets.xcassets */,
			);
			path = "Preview Content";
			sourceTree = "<group>";
		};
		7576DE3D254DD72700D38110 /* Life Cycle */ = {
			isa = PBXGroup;
			children = (
				7576DE25254DD71800D38110 /* AppDelegate.swift */,
				7576DE27254DD71800D38110 /* SceneDelegate.swift */,
			);
			path = "Life Cycle";
			sourceTree = "<group>";
		};
		7576DE3E254DD75500D38110 /* Views */ = {
			isa = PBXGroup;
			children = (
				7576DE29254DD71800D38110 /* ContentView.swift */,
				7576DE49254DE19400D38110 /* EditView.swift */,
			);
			path = Views;
			sourceTree = "<group>";
		};
		7576DE44254DE0DD00D38110 /* Support Views */ = {
			isa = PBXGroup;
			children = (
				7576DE45254DE0F100D38110 /* CircleView.swift */,
			);
			path = "Support Views";
			sourceTree = "<group>";
		};
/* End PBXGroup section */

/* Begin PBXNativeTarget section */
		7576DE21254DD71800D38110 /* infinito */ = {
			isa = PBXNativeTarget;
			buildConfigurationList = 7576DE39254DD71A00D38110 /* Build configuration list for PBXNativeTarget "infinito" */;
			buildPhases = (
				7576DE1E254DD71800D38110 /* Sources */,
				7576DE1F254DD71800D38110 /* Frameworks */,
				7576DE20254DD71800D38110 /* Resources */,
			);
			buildRules = (
			);
			dependencies = (
			);
			name = infinito;
			productName = infinito;
			productReference = 7576DE22254DD71800D38110 /* infinito.app */;
			productType = "com.apple.product-type.application";
		};
/* End PBXNativeTarget section */

/* Begin PBXProject section */
		7576DE1A254DD71800D38110 /* Project object */ = {
			isa = PBXProject;
			attributes = {
				LastSwiftUpdateCheck = 1210;
				LastUpgradeCheck = 1210;
				TargetAttributes = {
					7576DE21254DD71800D38110 = {
						CreatedOnToolsVersion = 12.1;
					};
				};
			};
			buildConfigurationList = 7576DE1D254DD71800D38110 /* Build configuration list for PBXProject "infinito" */;
			compatibilityVersion = "Xcode 9.3";
			developmentRegion = en;
			hasScannedForEncodings = 0;
			knownRegions = (
				en,
				Base,
			);
			mainGroup = 7576DE19254DD71800D38110;
			productRefGroup = 7576DE23254DD71800D38110 /* Products */;
			projectDirPath = "";
			projectRoot = "";
			targets = (
				7576DE21254DD71800D38110 /* infinito */,
			);
		};
/* End PBXProject section */

/* Begin PBXResourcesBuildPhase section */
		7576DE20254DD71800D38110 /* Resources */ = {
			isa = PBXResourcesBuildPhase;
			buildActionMask = 2147483647;
			files = (
				7576DE35254DD71A00D38110 /* LaunchScreen.storyboard in Resources */,
				7576DE32254DD71A00D38110 /* Preview Assets.xcassets in Resources */,
				7576DE2F254DD71A00D38110 /* Assets.xcassets in Resources */,
			);
			runOnlyForDeploymentPostprocessing = 0;
		};
/* End PBXResourcesBuildPhase section */

/* Begin PBXSourcesBuildPhase section */
		7576DE1E254DD71800D38110 /* Sources */ = {
			isa = PBXSourcesBuildPhase;
			buildActionMask = 2147483647;
			files = (
				7576DE26254DD71800D38110 /* AppDelegate.swift in Sources */,
				7576DE46254DE0F100D38110 /* CircleView.swift in Sources */,
				7576DE4A254DE19400D38110 /* EditView.swift in Sources */,
				7576DE2D254DD71800D38110 /* infinito.xcdatamodeld in Sources */,
				7576DE28254DD71800D38110 /* SceneDelegate.swift in Sources */,
				7576DE2A254DD71800D38110 /* ContentView.swift in Sources */,
			);
			runOnlyForDeploymentPostprocessing = 0;
		};
/* End PBXSourcesBuildPhase section */

/* Begin PBXVariantGroup section */
		7576DE33254DD71A00D38110 /* LaunchScreen.storyboard */ = {
			isa = PBXVariantGroup;
			children = (
				7576DE34254DD71A00D38110 /* Base */,
			);
			name = LaunchScreen.storyboard;
			sourceTree = "<group>";
		};
/* End PBXVariantGroup section */

/* Begin XCBuildConfiguration section */
		7576DE37254DD71A00D38110 /* Debug */ = {
			isa = XCBuildConfiguration;
			buildSettings = {
				ALWAYS_SEARCH_USER_PATHS = NO;
				CLANG_ANALYZER_NONNULL = YES;
				CLANG_ANALYZER_NUMBER_OBJECT_CONVERSION = YES_AGGRESSIVE;
				CLANG_CXX_LANGUAGE_STANDARD = "gnu++14";
				CLANG_CXX_LIBRARY = "libc++";
				CLANG_ENABLE_MODULES = YES;
				CLANG_ENABLE_OBJC_ARC = YES;
				CLANG_ENABLE_OBJC_WEAK = YES;
				CLANG_WARN_BLOCK_CAPTURE_AUTORELEASING = YES;
				CLANG_WARN_BOOL_CONVERSION = YES;
				CLANG_WARN_COMMA = YES;
				CLANG_WARN_CONSTANT_CONVERSION = YES;
				CLANG_WARN_DEPRECATED_OBJC_IMPLEMENTATIONS = YES;
				CLANG_WARN_DIRECT_OBJC_ISA_USAGE = YES_ERROR;
				CLANG_WARN_DOCUMENTATION_COMMENTS = YES;
				CLANG_WARN_EMPTY_BODY = YES;
				CLANG_WARN_ENUM_CONVERSION = YES;
				CLANG_WARN_INFINITE_RECURSION = YES;
				CLANG_WARN_INT_CONVERSION = YES;
				CLANG_WARN_NON_LITERAL_NULL_CONVERSION = YES;
				CLANG_WARN_OBJC_IMPLICIT_RETAIN_SELF = YES;
				CLANG_WARN_OBJC_LITERAL_CONVERSION = YES;
				CLANG_WARN_OBJC_ROOT_CLASS = YES_ERROR;
				CLANG_WARN_QUOTED_INCLUDE_IN_FRAMEWORK_HEADER = YES;
				CLANG_WARN_RANGE_LOOP_ANALYSIS = YES;
				CLANG_WARN_STRICT_PROTOTYPES = YES;
				CLANG_WARN_SUSPICIOUS_MOVE = YES;
				CLANG_WARN_UNGUARDED_AVAILABILITY = YES_AGGRESSIVE;
				CLANG_WARN_UNREACHABLE_CODE = YES;
				CLANG_WARN__DUPLICATE_METHOD_MATCH = YES;
				COPY_PHASE_STRIP = NO;
				DEBUG_INFORMATION_FORMAT = dwarf;
				ENABLE_STRICT_OBJC_MSGSEND = YES;
				ENABLE_TESTABILITY = YES;
				GCC_C_LANGUAGE_STANDARD = gnu11;
				GCC_DYNAMIC_NO_PIC = NO;
				GCC_NO_COMMON_BLOCKS = YES;
				GCC_OPTIMIZATION_LEVEL = 0;
				GCC_PREPROCESSOR_DEFINITIONS = (
					"DEBUG=1",
					"$(inherited)",
				);
				GCC_WARN_64_TO_32_BIT_CONVERSION = YES;
				GCC_WARN_ABOUT_RETURN_TYPE = YES_ERROR;
				GCC_WARN_UNDECLARED_SELECTOR = YES;
				GCC_WARN_UNINITIALIZED_AUTOS = YES_AGGRESSIVE;
				GCC_WARN_UNUSED_FUNCTION = YES;
				GCC_WARN_UNUSED_VARIABLE = YES;
				IPHONEOS_DEPLOYMENT_TARGET = 14.1;
				MTL_ENABLE_DEBUG_INFO = INCLUDE_SOURCE;
				MTL_FAST_MATH = YES;
				ONLY_ACTIVE_ARCH = YES;
				SDKROOT = iphoneos;
				SWIFT_ACTIVE_COMPILATION_CONDITIONS = DEBUG;
				SWIFT_OPTIMIZATION_LEVEL = "-Onone";
			};
			name = Debug;
		};
		7576DE38254DD71A00D38110 /* Release */ = {
			isa = XCBuildConfiguration;
			buildSettings = {
				ALWAYS_SEARCH_USER_PATHS = NO;
				CLANG_ANALYZER_NONNULL = YES;
				CLANG_ANALYZER_NUMBER_OBJECT_CONVERSION = YES_AGGRESSIVE;
				CLANG_CXX_LANGUAGE_STANDARD = "gnu++14";
				CLANG_CXX_LIBRARY = "libc++";
				CLANG_ENABLE_MODULES = YES;
				CLANG_ENABLE_OBJC_ARC = YES;
				CLANG_ENABLE_OBJC_WEAK = YES;
				CLANG_WARN_BLOCK_CAPTURE_AUTORELEASING = YES;
				CLANG_WARN_BOOL_CONVERSION = YES;
				CLANG_WARN_COMMA = YES;
				CLANG_WARN_CONSTANT_CONVERSION = YES;
				CLANG_WARN_DEPRECATED_OBJC_IMPLEMENTATIONS = YES;
				CLANG_WARN_DIRECT_OBJC_ISA_USAGE = YES_ERROR;
				CLANG_WARN_DOCUMENTATION_COMMENTS = YES;
				CLANG_WARN_EMPTY_BODY = YES;
				CLANG_WARN_ENUM_CONVERSION = YES;
				CLANG_WARN_INFINITE_RECURSION = YES;
				CLANG_WARN_INT_CONVERSION = YES;
				CLANG_WARN_NON_LITERAL_NULL_CONVERSION = YES;
				CLANG_WARN_OBJC_IMPLICIT_RETAIN_SELF = YES;
				CLANG_WARN_OBJC_LITERAL_CONVERSION = YES;
				CLANG_WARN_OBJC_ROOT_CLASS = YES_ERROR;
				CLANG_WARN_QUOTED_INCLUDE_IN_FRAMEWORK_HEADER = YES;
				CLANG_WARN_RANGE_LOOP_ANALYSIS = YES;
				CLANG_WARN_STRICT_PROTOTYPES = YES;
				CLANG_WARN_SUSPICIOUS_MOVE = YES;
				CLANG_WARN_UNGUARDED_AVAILABILITY = YES_AGGRESSIVE;
				CLANG_WARN_UNREACHABLE_CODE = YES;
				CLANG_WARN__DUPLICATE_METHOD_MATCH = YES;
				COPY_PHASE_STRIP = NO;
				DEBUG_INFORMATION_FORMAT = "dwarf-with-dsym";
				ENABLE_NS_ASSERTIONS = NO;
				ENABLE_STRICT_OBJC_MSGSEND = YES;
				GCC_C_LANGUAGE_STANDARD = gnu11;
				GCC_NO_COMMON_BLOCKS = YES;
				GCC_WARN_64_TO_32_BIT_CONVERSION = YES;
				GCC_WARN_ABOUT_RETURN_TYPE = YES_ERROR;
				GCC_WARN_UNDECLARED_SELECTOR = YES;
				GCC_WARN_UNINITIALIZED_AUTOS = YES_AGGRESSIVE;
				GCC_WARN_UNUSED_FUNCTION = YES;
				GCC_WARN_UNUSED_VARIABLE = YES;
				IPHONEOS_DEPLOYMENT_TARGET = 14.1;
				MTL_ENABLE_DEBUG_INFO = NO;
				MTL_FAST_MATH = YES;
				SDKROOT = iphoneos;
				SWIFT_COMPILATION_MODE = wholemodule;
				SWIFT_OPTIMIZATION_LEVEL = "-O";
				VALIDATE_PRODUCT = YES;
			};
			name = Release;
		};
		7576DE3A254DD71A00D38110 /* Debug */ = {
			isa = XCBuildConfiguration;
			buildSettings = {
				ASSETCATALOG_COMPILER_APPICON_NAME = AppIcon;
				ASSETCATALOG_COMPILER_GLOBAL_ACCENT_COLOR_NAME = AccentColor;
				CODE_SIGN_STYLE = Automatic;
				DEVELOPMENT_ASSET_PATHS = "\"infinito/Preview Content\"";
				DEVELOPMENT_TEAM = GCVJJ2G89K;
				ENABLE_PREVIEWS = YES;
				INFOPLIST_FILE = infinito/Info.plist;
				LD_RUNPATH_SEARCH_PATHS = (
					"$(inherited)",
					"@executable_path/Frameworks",
				);
				PRODUCT_BUNDLE_IDENTIFIER = com.CarpeDiem.infinito;
				PRODUCT_NAME = "$(TARGET_NAME)";
				SWIFT_VERSION = 5.0;
				TARGETED_DEVICE_FAMILY = "1,2";
			};
			name = Debug;
		};
		7576DE3B254DD71A00D38110 /* Release */ = {
			isa = XCBuildConfiguration;
			buildSettings = {
				ASSETCATALOG_COMPILER_APPICON_NAME = AppIcon;
				ASSETCATALOG_COMPILER_GLOBAL_ACCENT_COLOR_NAME = AccentColor;
				CODE_SIGN_STYLE = Automatic;
				DEVELOPMENT_ASSET_PATHS = "\"infinito/Preview Content\"";
				DEVELOPMENT_TEAM = GCVJJ2G89K;
				ENABLE_PREVIEWS = YES;
				INFOPLIST_FILE = infinito/Info.plist;
				LD_RUNPATH_SEARCH_PATHS = (
					"$(inherited)",
					"@executable_path/Frameworks",
				);
				PRODUCT_BUNDLE_IDENTIFIER = com.CarpeDiem.infinito;
				PRODUCT_NAME = "$(TARGET_NAME)";
				SWIFT_VERSION = 5.0;
				TARGETED_DEVICE_FAMILY = "1,2";
			};
			name = Release;
		};
/* End XCBuildConfiguration section */

/* Begin XCConfigurationList section */
		7576DE1D254DD71800D38110 /* Build configuration list for PBXProject "infinito" */ = {
			isa = XCConfigurationList;
			buildConfigurations = (
				7576DE37254DD71A00D38110 /* Debug */,
				7576DE38254DD71A00D38110 /* Release */,
			);
			defaultConfigurationIsVisible = 0;
			defaultConfigurationName = Release;
		};
		7576DE39254DD71A00D38110 /* Build configuration list for PBXNativeTarget "infinito" */ = {
			isa = XCConfigurationList;
			buildConfigurations = (
				7576DE3A254DD71A00D38110 /* Debug */,
				7576DE3B254DD71A00D38110 /* Release */,
			);
			defaultConfigurationIsVisible = 0;
			defaultConfigurationName = Release;
		};
/* End XCConfigurationList section */

/* Begin XCVersionGroup section */
		7576DE2B254DD71800D38110 /* infinito.xcdatamodeld */ = {
			isa = XCVersionGroup;
			children = (
				7576DE2C254DD71800D38110 /* infinito.xcdatamodel */,
			);
			currentVersion = 7576DE2C254DD71800D38110 /* infinito.xcdatamodel */;
			path = infinito.xcdatamodeld;
			sourceTree = "<group>";
			versionGroupType = wrapper.xcdatamodel;
		};
/* End XCVersionGroup section */
	};
	rootObject = 7576DE1A254DD71800D38110 /* Project object */;
}
